// !$*UTF8*$!
{
	archiveVersion = 1;
	classes = {
	};
	objectVersion = 46;
	objects = {

/* Begin PBXBuildFile section */
		4417532964C050B34F992662 /* Pods_QuickReminder.framework in Frameworks */ = {isa = PBXBuildFile; fileRef = 8D811A6CB037FDB5B33D48E7 /* Pods_QuickReminder.framework */; };
		6901E5FB1F1BB40000F1C7AA /* NewReminderTableCell.swift in Sources */ = {isa = PBXBuildFile; fileRef = 6901E5FA1F1BB40000F1C7AA /* NewReminderTableCell.swift */; };
		6901E5FD1F1BB4AB00F1C7AA /* DatePickerTableCell.swift in Sources */ = {isa = PBXBuildFile; fileRef = 6901E5FC1F1BB4AB00F1C7AA /* DatePickerTableCell.swift */; };
		6901E6001F1BBA3D00F1C7AA /* QuickReminder.xcdatamodeld in Sources */ = {isa = PBXBuildFile; fileRef = 6901E5FE1F1BBA3D00F1C7AA /* QuickReminder.xcdatamodeld */; };
		6908FEF01F1CAC8E00E8A415 /* ReminderItemTableCell.swift in Sources */ = {isa = PBXBuildFile; fileRef = 6908FEEF1F1CAC8E00E8A415 /* ReminderItemTableCell.swift */; };
		6908FEF21F1CB60300E8A415 /* NotCompletedButton.swift in Sources */ = {isa = PBXBuildFile; fileRef = 6908FEF11F1CB60300E8A415 /* NotCompletedButton.swift */; };
		691FC3A31F2C984C0020B156 /* PlusButton.swift in Sources */ = {isa = PBXBuildFile; fileRef = 691FC3A21F2C984C0020B156 /* PlusButton.swift */; };
		6940A9A71F128BD4000DDB69 /* AppDelegate.swift in Sources */ = {isa = PBXBuildFile; fileRef = 6940A9A61F128BD4000DDB69 /* AppDelegate.swift */; };
		6940A9A91F128BD4000DDB69 /* NCTableViewController.swift in Sources */ = {isa = PBXBuildFile; fileRef = 6940A9A81F128BD4000DDB69 /* NCTableViewController.swift */; };
		6940A9AC1F128BD4000DDB69 /* Main.storyboard in Resources */ = {isa = PBXBuildFile; fileRef = 6940A9AA1F128BD4000DDB69 /* Main.storyboard */; };
		6940A9AE1F128BD4000DDB69 /* Assets.xcassets in Resources */ = {isa = PBXBuildFile; fileRef = 6940A9AD1F128BD4000DDB69 /* Assets.xcassets */; };
		6940A9B11F128BD4000DDB69 /* LaunchScreen.storyboard in Resources */ = {isa = PBXBuildFile; fileRef = 6940A9AF1F128BD4000DDB69 /* LaunchScreen.storyboard */; };
		6940A9BC1F128BD4000DDB69 /* QuickReminderTests.swift in Sources */ = {isa = PBXBuildFile; fileRef = 6940A9BB1F128BD4000DDB69 /* QuickReminderTests.swift */; };
		6940A9C71F128BD4000DDB69 /* QuickReminderUITests.swift in Sources */ = {isa = PBXBuildFile; fileRef = 6940A9C61F128BD4000DDB69 /* QuickReminderUITests.swift */; };
		6972DC211F22109800940990 /* DataManager.swift in Sources */ = {isa = PBXBuildFile; fileRef = 6972DC201F22109800940990 /* DataManager.swift */; };
		69E089E31F2154FD00B66E6D /* CTableViewController.swift in Sources */ = {isa = PBXBuildFile; fileRef = 69E089E21F2154FD00B66E6D /* CTableViewController.swift */; };
/* End PBXBuildFile section */

/* Begin PBXContainerItemProxy section */
		6940A9B81F128BD4000DDB69 /* PBXContainerItemProxy */ = {
			isa = PBXContainerItemProxy;
			containerPortal = 6940A99B1F128BD4000DDB69 /* Project object */;
			proxyType = 1;
			remoteGlobalIDString = 6940A9A21F128BD4000DDB69;
			remoteInfo = QuickReminder;
		};
		6940A9C31F128BD4000DDB69 /* PBXContainerItemProxy */ = {
			isa = PBXContainerItemProxy;
			containerPortal = 6940A99B1F128BD4000DDB69 /* Project object */;
			proxyType = 1;
			remoteGlobalIDString = 6940A9A21F128BD4000DDB69;
			remoteInfo = QuickReminder;
		};
/* End PBXContainerItemProxy section */

/* Begin PBXFileReference section */
		29CEF814BEEC6D59157629BE /* Pods-QuickReminder.release.xcconfig */ = {isa = PBXFileReference; includeInIndex = 1; lastKnownFileType = text.xcconfig; name = "Pods-QuickReminder.release.xcconfig"; path = "Pods/Target Support Files/Pods-QuickReminder/Pods-QuickReminder.release.xcconfig"; sourceTree = "<group>"; };
		6901E5FA1F1BB40000F1C7AA /* NewReminderTableCell.swift */ = {isa = PBXFileReference; fileEncoding = 4; lastKnownFileType = sourcecode.swift; path = NewReminderTableCell.swift; sourceTree = "<group>"; };
		6901E5FC1F1BB4AB00F1C7AA /* DatePickerTableCell.swift */ = {isa = PBXFileReference; fileEncoding = 4; lastKnownFileType = sourcecode.swift; path = DatePickerTableCell.swift; sourceTree = "<group>"; };
		6901E5FF1F1BBA3D00F1C7AA /* QuickReminder.xcdatamodel */ = {isa = PBXFileReference; lastKnownFileType = wrapper.xcdatamodel; path = QuickReminder.xcdatamodel; sourceTree = "<group>"; };
		6908FEEF1F1CAC8E00E8A415 /* ReminderItemTableCell.swift */ = {isa = PBXFileReference; fileEncoding = 4; lastKnownFileType = sourcecode.swift; path = ReminderItemTableCell.swift; sourceTree = "<group>"; };
		6908FEF11F1CB60300E8A415 /* NotCompletedButton.swift */ = {isa = PBXFileReference; fileEncoding = 4; lastKnownFileType = sourcecode.swift; path = NotCompletedButton.swift; sourceTree = "<group>"; };
		691FC3A21F2C984C0020B156 /* PlusButton.swift */ = {isa = PBXFileReference; fileEncoding = 4; lastKnownFileType = sourcecode.swift; path = PlusButton.swift; sourceTree = "<group>"; };
		6940A9A31F128BD4000DDB69 /* QuickReminder.app */ = {isa = PBXFileReference; explicitFileType = wrapper.application; includeInIndex = 0; path = QuickReminder.app; sourceTree = BUILT_PRODUCTS_DIR; };
		6940A9A61F128BD4000DDB69 /* AppDelegate.swift */ = {isa = PBXFileReference; lastKnownFileType = sourcecode.swift; path = AppDelegate.swift; sourceTree = "<group>"; };
		6940A9A81F128BD4000DDB69 /* NCTableViewController.swift */ = {isa = PBXFileReference; lastKnownFileType = sourcecode.swift; path = NCTableViewController.swift; sourceTree = "<group>"; };
		6940A9AB1F128BD4000DDB69 /* Base */ = {isa = PBXFileReference; lastKnownFileType = file.storyboard; name = Base; path = Base.lproj/Main.storyboard; sourceTree = "<group>"; };
		6940A9AD1F128BD4000DDB69 /* Assets.xcassets */ = {isa = PBXFileReference; lastKnownFileType = folder.assetcatalog; path = Assets.xcassets; sourceTree = "<group>"; };
		6940A9B01F128BD4000DDB69 /* Base */ = {isa = PBXFileReference; lastKnownFileType = file.storyboard; name = Base; path = Base.lproj/LaunchScreen.storyboard; sourceTree = "<group>"; };
		6940A9B21F128BD4000DDB69 /* Info.plist */ = {isa = PBXFileReference; lastKnownFileType = text.plist.xml; path = Info.plist; sourceTree = "<group>"; };
		6940A9B71F128BD4000DDB69 /* QuickReminderTests.xctest */ = {isa = PBXFileReference; explicitFileType = wrapper.cfbundle; includeInIndex = 0; path = QuickReminderTests.xctest; sourceTree = BUILT_PRODUCTS_DIR; };
		6940A9BB1F128BD4000DDB69 /* QuickReminderTests.swift */ = {isa = PBXFileReference; lastKnownFileType = sourcecode.swift; path = QuickReminderTests.swift; sourceTree = "<group>"; };
		6940A9BD1F128BD4000DDB69 /* Info.plist */ = {isa = PBXFileReference; lastKnownFileType = text.plist.xml; path = Info.plist; sourceTree = "<group>"; };
		6940A9C21F128BD4000DDB69 /* QuickReminderUITests.xctest */ = {isa = PBXFileReference; explicitFileType = wrapper.cfbundle; includeInIndex = 0; path = QuickReminderUITests.xctest; sourceTree = BUILT_PRODUCTS_DIR; };
		6940A9C61F128BD4000DDB69 /* QuickReminderUITests.swift */ = {isa = PBXFileReference; lastKnownFileType = sourcecode.swift; path = QuickReminderUITests.swift; sourceTree = "<group>"; };
		6940A9C81F128BD4000DDB69 /* Info.plist */ = {isa = PBXFileReference; lastKnownFileType = text.plist.xml; path = Info.plist; sourceTree = "<group>"; };
		6972DC201F22109800940990 /* DataManager.swift */ = {isa = PBXFileReference; fileEncoding = 4; lastKnownFileType = sourcecode.swift; path = DataManager.swift; sourceTree = "<group>"; };
		69E089E21F2154FD00B66E6D /* CTableViewController.swift */ = {isa = PBXFileReference; fileEncoding = 4; lastKnownFileType = sourcecode.swift; path = CTableViewController.swift; sourceTree = "<group>"; };
		8D811A6CB037FDB5B33D48E7 /* Pods_QuickReminder.framework */ = {isa = PBXFileReference; explicitFileType = wrapper.framework; includeInIndex = 0; path = Pods_QuickReminder.framework; sourceTree = BUILT_PRODUCTS_DIR; };
		D12958B324BF6C5501AA8F9E /* Pods-QuickReminder.debug.xcconfig */ = {isa = PBXFileReference; includeInIndex = 1; lastKnownFileType = text.xcconfig; name = "Pods-QuickReminder.debug.xcconfig"; path = "Pods/Target Support Files/Pods-QuickReminder/Pods-QuickReminder.debug.xcconfig"; sourceTree = "<group>"; };
/* End PBXFileReference section */

/* Begin PBXFrameworksBuildPhase section */
		6940A9A01F128BD4000DDB69 /* Frameworks */ = {
			isa = PBXFrameworksBuildPhase;
			buildActionMask = 2147483647;
			files = (
				4417532964C050B34F992662 /* Pods_QuickReminder.framework in Frameworks */,
			);
			runOnlyForDeploymentPostprocessing = 0;
		};
		6940A9B41F128BD4000DDB69 /* Frameworks */ = {
			isa = PBXFrameworksBuildPhase;
			buildActionMask = 2147483647;
			files = (
			);
			runOnlyForDeploymentPostprocessing = 0;
		};
		6940A9BF1F128BD4000DDB69 /* Frameworks */ = {
			isa = PBXFrameworksBuildPhase;
			buildActionMask = 2147483647;
			files = (
			);
			runOnlyForDeploymentPostprocessing = 0;
		};
/* End PBXFrameworksBuildPhase section */

/* Begin PBXGroup section */
		6940A99A1F128BD4000DDB69 = {
			isa = PBXGroup;
			children = (
				691FC3A21F2C984C0020B156 /* PlusButton.swift */,
				6908FEF11F1CB60300E8A415 /* NotCompletedButton.swift */,
				6940A9A51F128BD4000DDB69 /* QuickReminder */,
				6940A9BA1F128BD4000DDB69 /* QuickReminderTests */,
				6940A9C51F128BD4000DDB69 /* QuickReminderUITests */,
				6940A9A41F128BD4000DDB69 /* Products */,
				FC05CD7E4FF7F433B4A5D6DE /* Pods */,
				E800A60E4D380018A7495CEA /* Frameworks */,
			);
			sourceTree = "<group>";
		};
		6940A9A41F128BD4000DDB69 /* Products */ = {
			isa = PBXGroup;
			children = (
				6940A9A31F128BD4000DDB69 /* QuickReminder.app */,
				6940A9B71F128BD4000DDB69 /* QuickReminderTests.xctest */,
				6940A9C21F128BD4000DDB69 /* QuickReminderUITests.xctest */,
			);
			name = Products;
			sourceTree = "<group>";
		};
		6940A9A51F128BD4000DDB69 /* QuickReminder */ = {
			isa = PBXGroup;
			children = (
				6940A9A61F128BD4000DDB69 /* AppDelegate.swift */,
				6940A9A81F128BD4000DDB69 /* NCTableViewController.swift */,
				6940A9AA1F128BD4000DDB69 /* Main.storyboard */,
				6940A9AD1F128BD4000DDB69 /* Assets.xcassets */,
				6940A9AF1F128BD4000DDB69 /* LaunchScreen.storyboard */,
				6940A9B21F128BD4000DDB69 /* Info.plist */,
				6901E5FA1F1BB40000F1C7AA /* NewReminderTableCell.swift */,
				6901E5FC1F1BB4AB00F1C7AA /* DatePickerTableCell.swift */,
				6901E5FE1F1BBA3D00F1C7AA /* QuickReminder.xcdatamodeld */,
				6908FEEF1F1CAC8E00E8A415 /* ReminderItemTableCell.swift */,
				69E089E21F2154FD00B66E6D /* CTableViewController.swift */,
				6972DC201F22109800940990 /* DataManager.swift */,
			);
			path = QuickReminder;
			sourceTree = "<group>";
		};
		6940A9BA1F128BD4000DDB69 /* QuickReminderTests */ = {
			isa = PBXGroup;
			children = (
				6940A9BB1F128BD4000DDB69 /* QuickReminderTests.swift */,
				6940A9BD1F128BD4000DDB69 /* Info.plist */,
			);
			path = QuickReminderTests;
			sourceTree = "<group>";
		};
		6940A9C51F128BD4000DDB69 /* QuickReminderUITests */ = {
			isa = PBXGroup;
			children = (
				6940A9C61F128BD4000DDB69 /* QuickReminderUITests.swift */,
				6940A9C81F128BD4000DDB69 /* Info.plist */,
			);
			path = QuickReminderUITests;
			sourceTree = "<group>";
		};
		E800A60E4D380018A7495CEA /* Frameworks */ = {
			isa = PBXGroup;
			children = (
				8D811A6CB037FDB5B33D48E7 /* Pods_QuickReminder.framework */,
			);
			name = Frameworks;
			sourceTree = "<group>";
		};
		FC05CD7E4FF7F433B4A5D6DE /* Pods */ = {
			isa = PBXGroup;
			children = (
				D12958B324BF6C5501AA8F9E /* Pods-QuickReminder.debug.xcconfig */,
				29CEF814BEEC6D59157629BE /* Pods-QuickReminder.release.xcconfig */,
			);
			name = Pods;
			sourceTree = "<group>";
		};
/* End PBXGroup section */

/* Begin PBXNativeTarget section */
		6940A9A21F128BD4000DDB69 /* QuickReminder */ = {
			isa = PBXNativeTarget;
			buildConfigurationList = 6940A9CB1F128BD4000DDB69 /* Build configuration list for PBXNativeTarget "QuickReminder" */;
			buildPhases = (
				A000F39D4E35F5CAB492BC9F /* [CP] Check Pods Manifest.lock */,
				6940A99F1F128BD4000DDB69 /* Sources */,
				6940A9A01F128BD4000DDB69 /* Frameworks */,
				6940A9A11F128BD4000DDB69 /* Resources */,
				37C510DF4C768B4459ACA690 /* [CP] Embed Pods Frameworks */,
				00E240894EF6B5042AC43A94 /* [CP] Copy Pods Resources */,
			);
			buildRules = (
			);
			dependencies = (
			);
			name = QuickReminder;
			productName = QuickReminder;
			productReference = 6940A9A31F128BD4000DDB69 /* QuickReminder.app */;
			productType = "com.apple.product-type.application";
		};
		6940A9B61F128BD4000DDB69 /* QuickReminderTests */ = {
			isa = PBXNativeTarget;
			buildConfigurationList = 6940A9CE1F128BD4000DDB69 /* Build configuration list for PBXNativeTarget "QuickReminderTests" */;
			buildPhases = (
				6940A9B31F128BD4000DDB69 /* Sources */,
				6940A9B41F128BD4000DDB69 /* Frameworks */,
				6940A9B51F128BD4000DDB69 /* Resources */,
			);
			buildRules = (
			);
			dependencies = (
				6940A9B91F128BD4000DDB69 /* PBXTargetDependency */,
			);
			name = QuickReminderTests;
			productName = QuickReminderTests;
			productReference = 6940A9B71F128BD4000DDB69 /* QuickReminderTests.xctest */;
			productType = "com.apple.product-type.bundle.unit-test";
		};
		6940A9C11F128BD4000DDB69 /* QuickReminderUITests */ = {
			isa = PBXNativeTarget;
			buildConfigurationList = 6940A9D11F128BD4000DDB69 /* Build configuration list for PBXNativeTarget "QuickReminderUITests" */;
			buildPhases = (
				6940A9BE1F128BD4000DDB69 /* Sources */,
				6940A9BF1F128BD4000DDB69 /* Frameworks */,
				6940A9C01F128BD4000DDB69 /* Resources */,
			);
			buildRules = (
			);
			dependencies = (
				6940A9C41F128BD4000DDB69 /* PBXTargetDependency */,
			);
			name = QuickReminderUITests;
			productName = QuickReminderUITests;
			productReference = 6940A9C21F128BD4000DDB69 /* QuickReminderUITests.xctest */;
			productType = "com.apple.product-type.bundle.ui-testing";
		};
/* End PBXNativeTarget section */

/* Begin PBXProject section */
		6940A99B1F128BD4000DDB69 /* Project object */ = {
			isa = PBXProject;
			attributes = {
				LastSwiftUpdateCheck = 0830;
				LastUpgradeCheck = 0830;
				ORGANIZATIONNAME = "Michal Vranec";
				TargetAttributes = {
					6940A9A21F128BD4000DDB69 = {
						CreatedOnToolsVersion = 8.3.3;
						DevelopmentTeam = X2DH768V99;
						ProvisioningStyle = Automatic;
					};
					6940A9B61F128BD4000DDB69 = {
						CreatedOnToolsVersion = 8.3.3;
						DevelopmentTeam = 96KF33MP32;
						ProvisioningStyle = Automatic;
						TestTargetID = 6940A9A21F128BD4000DDB69;
					};
					6940A9C11F128BD4000DDB69 = {
						CreatedOnToolsVersion = 8.3.3;
						DevelopmentTeam = 96KF33MP32;
						ProvisioningStyle = Automatic;
						TestTargetID = 6940A9A21F128BD4000DDB69;
					};
				};
			};
			buildConfigurationList = 6940A99E1F128BD4000DDB69 /* Build configuration list for PBXProject "QuickReminder" */;
			compatibilityVersion = "Xcode 3.2";
			developmentRegion = English;
			hasScannedForEncodings = 0;
			knownRegions = (
				en,
				Base,
			);
			mainGroup = 6940A99A1F128BD4000DDB69;
			productRefGroup = 6940A9A41F128BD4000DDB69 /* Products */;
			projectDirPath = "";
			projectRoot = "";
			targets = (
				6940A9A21F128BD4000DDB69 /* QuickReminder */,
				6940A9B61F128BD4000DDB69 /* QuickReminderTests */,
				6940A9C11F128BD4000DDB69 /* QuickReminderUITests */,
			);
		};
/* End PBXProject section */

/* Begin PBXResourcesBuildPhase section */
		6940A9A11F128BD4000DDB69 /* Resources */ = {
			isa = PBXResourcesBuildPhase;
			buildActionMask = 2147483647;
			files = (
				6940A9B11F128BD4000DDB69 /* LaunchScreen.storyboard in Resources */,
				6940A9AE1F128BD4000DDB69 /* Assets.xcassets in Resources */,
				6940A9AC1F128BD4000DDB69 /* Main.storyboard in Resources */,
			);
			runOnlyForDeploymentPostprocessing = 0;
		};
		6940A9B51F128BD4000DDB69 /* Resources */ = {
			isa = PBXResourcesBuildPhase;
			buildActionMask = 2147483647;
			files = (
			);
			runOnlyForDeploymentPostprocessing = 0;
		};
		6940A9C01F128BD4000DDB69 /* Resources */ = {
			isa = PBXResourcesBuildPhase;
			buildActionMask = 2147483647;
			files = (
			);
			runOnlyForDeploymentPostprocessing = 0;
		};
/* End PBXResourcesBuildPhase section */

/* Begin PBXShellScriptBuildPhase section */
		00E240894EF6B5042AC43A94 /* [CP] Copy Pods Resources */ = {
			isa = PBXShellScriptBuildPhase;
			buildActionMask = 2147483647;
			files = (
			);
			inputPaths = (
			);
			name = "[CP] Copy Pods Resources";
			outputPaths = (
			);
			runOnlyForDeploymentPostprocessing = 0;
			shellPath = /bin/sh;
			shellScript = "\"${SRCROOT}/Pods/Target Support Files/Pods-QuickReminder/Pods-QuickReminder-resources.sh\"\n";
			showEnvVarsInLog = 0;
		};
		37C510DF4C768B4459ACA690 /* [CP] Embed Pods Frameworks */ = {
			isa = PBXShellScriptBuildPhase;
			buildActionMask = 2147483647;
			files = (
			);
			inputPaths = (
			);
			name = "[CP] Embed Pods Frameworks";
			outputPaths = (
			);
			runOnlyForDeploymentPostprocessing = 0;
			shellPath = /bin/sh;
			shellScript = "\"${SRCROOT}/Pods/Target Support Files/Pods-QuickReminder/Pods-QuickReminder-frameworks.sh\"\n";
			showEnvVarsInLog = 0;
		};
		A000F39D4E35F5CAB492BC9F /* [CP] Check Pods Manifest.lock */ = {
			isa = PBXShellScriptBuildPhase;
			buildActionMask = 2147483647;
			files = (
			);
			inputPaths = (
			);
			name = "[CP] Check Pods Manifest.lock";
			outputPaths = (
			);
			runOnlyForDeploymentPostprocessing = 0;
			shellPath = /bin/sh;
			shellScript = "diff \"${PODS_PODFILE_DIR_PATH}/Podfile.lock\" \"${PODS_ROOT}/Manifest.lock\" > /dev/null\nif [ $? != 0 ] ; then\n    # print error to STDERR\n    echo \"error: The sandbox is not in sync with the Podfile.lock. Run 'pod install' or update your CocoaPods installation.\" >&2\n    exit 1\nfi\n";
			showEnvVarsInLog = 0;
		};
/* End PBXShellScriptBuildPhase section */

/* Begin PBXSourcesBuildPhase section */
		6940A99F1F128BD4000DDB69 /* Sources */ = {
			isa = PBXSourcesBuildPhase;
			buildActionMask = 2147483647;
			files = (
				6940A9A91F128BD4000DDB69 /* NCTableViewController.swift in Sources */,
				6901E5FB1F1BB40000F1C7AA /* NewReminderTableCell.swift in Sources */,
				6901E5FD1F1BB4AB00F1C7AA /* DatePickerTableCell.swift in Sources */,
				691FC3A31F2C984C0020B156 /* PlusButton.swift in Sources */,
				6940A9A71F128BD4000DDB69 /* AppDelegate.swift in Sources */,
				6901E6001F1BBA3D00F1C7AA /* QuickReminder.xcdatamodeld in Sources */,
				6908FEF01F1CAC8E00E8A415 /* ReminderItemTableCell.swift in Sources */,
				6908FEF21F1CB60300E8A415 /* NotCompletedButton.swift in Sources */,
				6972DC211F22109800940990 /* DataManager.swift in Sources */,
				69E089E31F2154FD00B66E6D /* CTableViewController.swift in Sources */,
			);
			runOnlyForDeploymentPostprocessing = 0;
		};
		6940A9B31F128BD4000DDB69 /* Sources */ = {
			isa = PBXSourcesBuildPhase;
			buildActionMask = 2147483647;
			files = (
				6940A9BC1F128BD4000DDB69 /* QuickReminderTests.swift in Sources */,
			);
			runOnlyForDeploymentPostprocessing = 0;
		};
		6940A9BE1F128BD4000DDB69 /* Sources */ = {
			isa = PBXSourcesBuildPhase;
			buildActionMask = 2147483647;
			files = (
				6940A9C71F128BD4000DDB69 /* QuickReminderUITests.swift in Sources */,
			);
			runOnlyForDeploymentPostprocessing = 0;
		};
/* End PBXSourcesBuildPhase section */

/* Begin PBXTargetDependency section */
		6940A9B91F128BD4000DDB69 /* PBXTargetDependency */ = {
			isa = PBXTargetDependency;
			target = 6940A9A21F128BD4000DDB69 /* QuickReminder */;
			targetProxy = 6940A9B81F128BD4000DDB69 /* PBXContainerItemProxy */;
		};
		6940A9C41F128BD4000DDB69 /* PBXTargetDependency */ = {
			isa = PBXTargetDependency;
			target = 6940A9A21F128BD4000DDB69 /* QuickReminder */;
			targetProxy = 6940A9C31F128BD4000DDB69 /* PBXContainerItemProxy */;
		};
/* End PBXTargetDependency section */

/* Begin PBXVariantGroup section */
		6940A9AA1F128BD4000DDB69 /* Main.storyboard */ = {
			isa = PBXVariantGroup;
			children = (
				6940A9AB1F128BD4000DDB69 /* Base */,
			);
			name = Main.storyboard;
			sourceTree = "<group>";
		};
		6940A9AF1F128BD4000DDB69 /* LaunchScreen.storyboard */ = {
			isa = PBXVariantGroup;
			children = (
				6940A9B01F128BD4000DDB69 /* Base */,
			);
			name = LaunchScreen.storyboard;
			sourceTree = "<group>";
		};
/* End PBXVariantGroup section */

/* Begin XCBuildConfiguration section */
		6940A9C91F128BD4000DDB69 /* Debug */ = {
			isa = XCBuildConfiguration;
			buildSettings = {
				ALWAYS_SEARCH_USER_PATHS = NO;
				CLANG_ANALYZER_NONNULL = YES;
				CLANG_ANALYZER_NUMBER_OBJECT_CONVERSION = YES_AGGRESSIVE;
				CLANG_CXX_LANGUAGE_STANDARD = "gnu++0x";
				CLANG_CXX_LIBRARY = "libc++";
				CLANG_ENABLE_MODULES = YES;
				CLANG_ENABLE_OBJC_ARC = YES;
				CLANG_WARN_BOOL_CONVERSION = YES;
				CLANG_WARN_CONSTANT_CONVERSION = YES;
				CLANG_WARN_DIRECT_OBJC_ISA_USAGE = YES_ERROR;
				CLANG_WARN_DOCUMENTATION_COMMENTS = YES;
				CLANG_WARN_EMPTY_BODY = YES;
				CLANG_WARN_ENUM_CONVERSION = YES;
				CLANG_WARN_INFINITE_RECURSION = YES;
				CLANG_WARN_INT_CONVERSION = YES;
				CLANG_WARN_OBJC_ROOT_CLASS = YES_ERROR;
				CLANG_WARN_SUSPICIOUS_MOVE = YES;
				CLANG_WARN_UNREACHABLE_CODE = YES;
				CLANG_WARN__DUPLICATE_METHOD_MATCH = YES;
				"CODE_SIGN_IDENTITY[sdk=iphoneos*]" = "iPhone Developer";
				COPY_PHASE_STRIP = NO;
				DEBUG_INFORMATION_FORMAT = dwarf;
				ENABLE_STRICT_OBJC_MSGSEND = YES;
				ENABLE_TESTABILITY = YES;
				GCC_C_LANGUAGE_STANDARD = gnu99;
				GCC_DYNAMIC_NO_PIC = NO;
				GCC_NO_COMMON_BLOCKS = YES;
				GCC_OPTIMIZATION_LEVEL = 0;
				GCC_PREPROCESSOR_DEFINITIONS = (
					"DEBUG=1",
					"$(inherited)",
				);
				GCC_WARN_64_TO_32_BIT_CONVERSION = YES;
				GCC_WARN_ABOUT_RETURN_TYPE = YES_ERROR;
				GCC_WARN_UNDECLARED_SELECTOR = YES;
				GCC_WARN_UNINITIALIZED_AUTOS = YES_AGGRESSIVE;
				GCC_WARN_UNUSED_FUNCTION = YES;
				GCC_WARN_UNUSED_VARIABLE = YES;
				IPHONEOS_DEPLOYMENT_TARGET = 10.3;
				MTL_ENABLE_DEBUG_INFO = YES;
				ONLY_ACTIVE_ARCH = YES;
				SDKROOT = iphoneos;
				SWIFT_ACTIVE_COMPILATION_CONDITIONS = DEBUG;
				SWIFT_OPTIMIZATION_LEVEL = "-Onone";
			};
			name = Debug;
		};
		6940A9CA1F128BD4000DDB69 /* Release */ = {
			isa = XCBuildConfiguration;
			buildSettings = {
				ALWAYS_SEARCH_USER_PATHS = NO;
				CLANG_ANALYZER_NONNULL = YES;
				CLANG_ANALYZER_NUMBER_OBJECT_CONVERSION = YES_AGGRESSIVE;
				CLANG_CXX_LANGUAGE_STANDARD = "gnu++0x";
				CLANG_CXX_LIBRARY = "libc++";
				CLANG_ENABLE_MODULES = YES;
				CLANG_ENABLE_OBJC_ARC = YES;
				CLANG_WARN_BOOL_CONVERSION = YES;
				CLANG_WARN_CONSTANT_CONVERSION = YES;
				CLANG_WARN_DIRECT_OBJC_ISA_USAGE = YES_ERROR;
				CLANG_WARN_DOCUMENTATION_COMMENTS = YES;
				CLANG_WARN_EMPTY_BODY = YES;
				CLANG_WARN_ENUM_CONVERSION = YES;
				CLANG_WARN_INFINITE_RECURSION = YES;
				CLANG_WARN_INT_CONVERSION = YES;
				CLANG_WARN_OBJC_ROOT_CLASS = YES_ERROR;
				CLANG_WARN_SUSPICIOUS_MOVE = YES;
				CLANG_WARN_UNREACHABLE_CODE = YES;
				CLANG_WARN__DUPLICATE_METHOD_MATCH = YES;
				"CODE_SIGN_IDENTITY[sdk=iphoneos*]" = "iPhone Developer";
				COPY_PHASE_STRIP = NO;
				DEBUG_INFORMATION_FORMAT = "dwarf-with-dsym";
				ENABLE_NS_ASSERTIONS = NO;
				ENABLE_STRICT_OBJC_MSGSEND = YES;
				GCC_C_LANGUAGE_STANDARD = gnu99;
				GCC_NO_COMMON_BLOCKS = YES;
				GCC_WARN_64_TO_32_BIT_CONVERSION = YES;
				GCC_WARN_ABOUT_RETURN_TYPE = YES_ERROR;
				GCC_WARN_UNDECLARED_SELECTOR = YES;
				GCC_WARN_UNINITIALIZED_AUTOS = YES_AGGRESSIVE;
				GCC_WARN_UNUSED_FUNCTION = YES;
				GCC_WARN_UNUSED_VARIABLE = YES;
				IPHONEOS_DEPLOYMENT_TARGET = 10.3;
				MTL_ENABLE_DEBUG_INFO = NO;
				SDKROOT = iphoneos;
				SWIFT_OPTIMIZATION_LEVEL = "-Owholemodule";
				VALIDATE_PRODUCT = YES;
			};
			name = Release;
		};
		6940A9CC1F128BD4000DDB69 /* Debug */ = {
			isa = XCBuildConfiguration;
			baseConfigurationReference = D12958B324BF6C5501AA8F9E /* Pods-QuickReminder.debug.xcconfig */;
			buildSettings = {
				ASSETCATALOG_COMPILER_APPICON_NAME = AppIcon;
				DEVELOPMENT_TEAM = X2DH768V99;
				INFOPLIST_FILE = QuickReminder/Info.plist;
				LD_RUNPATH_SEARCH_PATHS = "$(inherited) @executable_path/Frameworks";
				PRODUCT_BUNDLE_IDENTIFIER = app.ios.QuickReminder;
				PRODUCT_NAME = "$(TARGET_NAME)";
				SWIFT_VERSION = 3.0;
			};
			name = Debug;
		};
		6940A9CD1F128BD4000DDB69 /* Release */ = {
			isa = XCBuildConfiguration;
			baseConfigurationReference = 29CEF814BEEC6D59157629BE /* Pods-QuickReminder.release.xcconfig */;
			buildSettings = {
				ASSETCATALOG_COMPILER_APPICON_NAME = AppIcon;
				DEVELOPMENT_TEAM = X2DH768V99;
				INFOPLIST_FILE = QuickReminder/Info.plist;
				LD_RUNPATH_SEARCH_PATHS = "$(inherited) @executable_path/Frameworks";
				PRODUCT_BUNDLE_IDENTIFIER = app.ios.QuickReminder;
				PRODUCT_NAME = "$(TARGET_NAME)";
				SWIFT_VERSION = 3.0;
			};
			name = Release;
		};
		6940A9CF1F128BD4000DDB69 /* Debug */ = {
			isa = XCBuildConfiguration;
			buildSettings = {
				ALWAYS_EMBED_SWIFT_STANDARD_LIBRARIES = YES;
				BUNDLE_LOADER = "$(TEST_HOST)";
				DEVELOPMENT_TEAM = 96KF33MP32;
				INFOPLIST_FILE = QuickReminderTests/Info.plist;
				LD_RUNPATH_SEARCH_PATHS = "$(inherited) @executable_path/Frameworks @loader_path/Frameworks";
				PRODUCT_BUNDLE_IDENTIFIER = app.ios.QuickReminderTests;
				PRODUCT_NAME = "$(TARGET_NAME)";
				SWIFT_VERSION = 3.0;
				TEST_HOST = "$(BUILT_PRODUCTS_DIR)/QuickReminder.app/QuickReminder";
			};
			name = Debug;
		};
		6940A9D01F128BD4000DDB69 /* Release */ = {
			isa = XCBuildConfiguration;
			buildSettings = {
				ALWAYS_EMBED_SWIFT_STANDARD_LIBRARIES = YES;
				BUNDLE_LOADER = "$(TEST_HOST)";
				DEVELOPMENT_TEAM = 96KF33MP32;
				INFOPLIST_FILE = QuickReminderTests/Info.plist;
				LD_RUNPATH_SEARCH_PATHS = "$(inherited) @executable_path/Frameworks @loader_path/Frameworks";
				PRODUCT_BUNDLE_IDENTIFIER = app.ios.QuickReminderTests;
				PRODUCT_NAME = "$(TARGET_NAME)";
				SWIFT_VERSION = 3.0;
				TEST_HOST = "$(BUILT_PRODUCTS_DIR)/QuickReminder.app/QuickReminder";
			};
			name = Release;
		};
		6940A9D21F128BD4000DDB69 /* Debug */ = {
			isa = XCBuildConfiguration;
			buildSettings = {
				ALWAYS_EMBED_SWIFT_STANDARD_LIBRARIES = YES;
				DEVELOPMENT_TEAM = 96KF33MP32;
				INFOPLIST_FILE = QuickReminderUITests/Info.plist;
				LD_RUNPATH_SEARCH_PATHS = "$(inherited) @executable_path/Frameworks @loader_path/Frameworks";
				PRODUCT_BUNDLE_IDENTIFIER = app.ios.QuickReminderUITests;
				PRODUCT_NAME = "$(TARGET_NAME)";
				SWIFT_VERSION = 3.0;
				TEST_TARGET_NAME = QuickReminder;
			};
			name = Debug;
		};
		6940A9D31F128BD4000DDB69 /* Release */ = {
			isa = XCBuildConfiguration;
			buildSettings = {
				ALWAYS_EMBED_SWIFT_STANDARD_LIBRARIES = YES;
				DEVELOPMENT_TEAM = 96KF33MP32;
				INFOPLIST_FILE = QuickReminderUITests/Info.plist;
				LD_RUNPATH_SEARCH_PATHS = "$(inherited) @executable_path/Frameworks @loader_path/Frameworks";
				PRODUCT_BUNDLE_IDENTIFIER = app.ios.QuickReminderUITests;
				PRODUCT_NAME = "$(TARGET_NAME)";
				SWIFT_VERSION = 3.0;
				TEST_TARGET_NAME = QuickReminder;
			};
			name = Release;
		};
/* End XCBuildConfiguration section */

/* Begin XCConfigurationList section */
		6940A99E1F128BD4000DDB69 /* Build configuration list for PBXProject "QuickReminder" */ = {
			isa = XCConfigurationList;
			buildConfigurations = (
				6940A9C91F128BD4000DDB69 /* Debug */,
				6940A9CA1F128BD4000DDB69 /* Release */,
			);
			defaultConfigurationIsVisible = 0;
			defaultConfigurationName = Release;
		};
		6940A9CB1F128BD4000DDB69 /* Build configuration list for PBXNativeTarget "QuickReminder" */ = {
			isa = XCConfigurationList;
			buildConfigurations = (
				6940A9CC1F128BD4000DDB69 /* Debug */,
				6940A9CD1F128BD4000DDB69 /* Release */,
			);
			defaultConfigurationIsVisible = 0;
			defaultConfigurationName = Release;
		};
		6940A9CE1F128BD4000DDB69 /* Build configuration list for PBXNativeTarget "QuickReminderTests" */ = {
			isa = XCConfigurationList;
			buildConfigurations = (
				6940A9CF1F128BD4000DDB69 /* Debug */,
				6940A9D01F128BD4000DDB69 /* Release */,
			);
			defaultConfigurationIsVisible = 0;
			defaultConfigurationName = Release;
		};
		6940A9D11F128BD4000DDB69 /* Build configuration list for PBXNativeTarget "QuickReminderUITests" */ = {
			isa = XCConfigurationList;
			buildConfigurations = (
				6940A9D21F128BD4000DDB69 /* Debug */,
				6940A9D31F128BD4000DDB69 /* Release */,
			);
			defaultConfigurationIsVisible = 0;
			defaultConfigurationName = Release;
		};
/* End XCConfigurationList section */

/* Begin XCVersionGroup section */
		6901E5FE1F1BBA3D00F1C7AA /* QuickReminder.xcdatamodeld */ = {
			isa = XCVersionGroup;
			children = (
				6901E5FF1F1BBA3D00F1C7AA /* QuickReminder.xcdatamodel */,
			);
			currentVersion = 6901E5FF1F1BBA3D00F1C7AA /* QuickReminder.xcdatamodel */;
			path = QuickReminder.xcdatamodeld;
			sourceTree = "<group>";
			versionGroupType = wrapper.xcdatamodel;
		};
/* End XCVersionGroup section */
	};
	rootObject = 6940A99B1F128BD4000DDB69 /* Project object */;
}
